
Microsoft Visual Studio Solution File, Format Version 12.00
# Visual Studio Version 17
VisualStudioVersion = 17.8.34322.80
MinimumVisualStudioVersion = 10.0.40219.1
Project("{FAE04EC0-301F-11D3-BF4B-00C04F79EFBC}") = "TechnologyKeeda.Web", "TechnologyKeeda.Web\TechnologyKeeda.Web.csproj", "{FA468DD6-2CE8-4986-8C4B-394B0096F79A}"
EndProject
Project("{FAE04EC0-301F-11D3-BF4B-00C04F79EFBC}") = "TechnologyKeeda.Entity", "TechnologyKeeda.Entity\TechnologyKeeda.Entity.csproj", "{A74E5E43-6F63-487A-A9CC-0F96FD95348F}"
EndProject
Project("{FAE04EC0-301F-11D3-BF4B-00C04F79EFBC}") = "TechnologyKeeda.Repositories", "TechnologyKeeda.Repositories\TechnologyKeeda.Repositories.csproj", "{9B1F77C4-A1C5-4A75-B5D5-00497F9414B4}"
EndProject
Project("{FAE04EC0-301F-11D3-BF4B-00C04F79EFBC}") = "TechnologyKeeda.UI", "TechnologyKeeda.UI\TechnologyKeeda.UI.csproj", "{0E9B5C8A-F309-4C25-9327-11B64F93794A}"
EndProject
Global
	GlobalSection(SolutionConfigurationPlatforms) = preSolution
		Debug|Any CPU = Debug|Any CPU
		Release|Any CPU = Release|Any CPU
	EndGlobalSection
	GlobalSection(ProjectConfigurationPlatforms) = postSolution
		{FA468DD6-2CE8-4986-8C4B-394B0096F79A}.Debug|Any CPU.ActiveCfg = Debug|Any CPU
		{FA468DD6-2CE8-4986-8C4B-394B0096F79A}.Debug|Any CPU.Build.0 = Debug|Any CPU
		{FA468DD6-2CE8-4986-8C4B-394B0096F79A}.Release|Any CPU.ActiveCfg = Release|Any CPU
		{FA468DD6-2CE8-4986-8C4B-394B0096F79A}.Release|Any CPU.Build.0 = Release|Any CPU
		{A74E5E43-6F63-487A-A9CC-0F96FD95348F}.Debug|Any CPU.ActiveCfg = Debug|Any CPU
		{A74E5E43-6F63-487A-A9CC-0F96FD95348F}.Debug|Any CPU.Build.0 = Debug|Any CPU
		{A74E5E43-6F63-487A-A9CC-0F96FD95348F}.Release|Any CPU.ActiveCfg = Release|Any CPU
		{A74E5E43-6F63-487A-A9CC-0F96FD95348F}.Release|Any CPU.Build.0 = Release|Any CPU
		{9B1F77C4-A1C5-4A75-B5D5-00497F9414B4}.Debug|Any CPU.ActiveCfg = Debug|Any CPU
		{9B1F77C4-A1C5-4A75-B5D5-00497F9414B4}.Debug|Any CPU.Build.0 = Debug|Any CPU
		{9B1F77C4-A1C5-4A75-B5D5-00497F9414B4}.Release|Any CPU.ActiveCfg = Release|Any CPU
		{9B1F77C4-A1C5-4A75-B5D5-00497F9414B4}.Release|Any CPU.Build.0 = Release|Any CPU
		{0E9B5C8A-F309-4C25-9327-11B64F93794A}.Debug|Any CPU.ActiveCfg = Debug|Any CPU
		{0E9B5C8A-F309-4C25-9327-11B64F93794A}.Debug|Any CPU.Build.0 = Debug|Any CPU
		{0E9B5C8A-F309-4C25-9327-11B64F93794A}.Release|Any CPU.ActiveCfg = Release|Any CPU
		{0E9B5C8A-F309-4C25-9327-11B64F93794A}.Release|Any CPU.Build.0 = Release|Any CPU
	EndGlobalSection
	GlobalSection(SolutionProperties) = preSolution
		HideSolutionNode = FALSE
	EndGlobalSection
	GlobalSection(ExtensibilityGlobals) = postSolution
		SolutionGuid = {1CDF8291-560E-40E5-8CF8-E2326A9BFA73}
	EndGlobalSection
EndGlobal
